// !$*UTF8*$!
{
	archiveVersion = 1;
	classes = {
	};
	objectVersion = 50;
	objects = {

/* Begin PBXBuildFile section */
		843C773326D36AE600D99A69 /* AppDelegate.m in Sources */ = {isa = PBXBuildFile; fileRef = 843C773226D36AE600D99A69 /* AppDelegate.m */; };
		843C773626D36AE600D99A69 /* SceneDelegate.m in Sources */ = {isa = PBXBuildFile; fileRef = 843C773526D36AE600D99A69 /* SceneDelegate.m */; };
		843C773926D36AE600D99A69 /* ViewController.m in Sources */ = {isa = PBXBuildFile; fileRef = 843C773826D36AE600D99A69 /* ViewController.m */; };
		843C773C26D36AE600D99A69 /* Main.storyboard in Resources */ = {isa = PBXBuildFile; fileRef = 843C773A26D36AE600D99A69 /* Main.storyboard */; };
		843C773E26D36AE700D99A69 /* Assets.xcassets in Resources */ = {isa = PBXBuildFile; fileRef = 843C773D26D36AE700D99A69 /* Assets.xcassets */; };
		843C774126D36AE700D99A69 /* LaunchScreen.storyboard in Resources */ = {isa = PBXBuildFile; fileRef = 843C773F26D36AE700D99A69 /* LaunchScreen.storyboard */; };
		843C774426D36AE700D99A69 /* main.m in Sources */ = {isa = PBXBuildFile; fileRef = 843C774326D36AE700D99A69 /* main.m */; };
		843C774E26D3724600D99A69 /* ViewController.m in Sources */ = {isa = PBXBuildFile; fileRef = 843C773826D36AE600D99A69 /* ViewController.m */; };
		843C774F26D3724600D99A69 /* AppDelegate.m in Sources */ = {isa = PBXBuildFile; fileRef = 843C773226D36AE600D99A69 /* AppDelegate.m */; };
		843C775026D3724600D99A69 /* main.m in Sources */ = {isa = PBXBuildFile; fileRef = 843C774326D36AE700D99A69 /* main.m */; };
		843C775126D3724600D99A69 /* SceneDelegate.m in Sources */ = {isa = PBXBuildFile; fileRef = 843C773526D36AE600D99A69 /* SceneDelegate.m */; };
		843C775426D3724600D99A69 /* LaunchScreen.storyboard in Resources */ = {isa = PBXBuildFile; fileRef = 843C773F26D36AE700D99A69 /* LaunchScreen.storyboard */; };
		843C775526D3724600D99A69 /* Assets.xcassets in Resources */ = {isa = PBXBuildFile; fileRef = 843C773D26D36AE700D99A69 /* Assets.xcassets */; };
		843C775626D3724600D99A69 /* Main.storyboard in Resources */ = {isa = PBXBuildFile; fileRef = 843C773A26D36AE600D99A69 /* Main.storyboard */; };
/* End PBXBuildFile section */

/* Begin PBXFileReference section */
		843C772E26D36AE600D99A69 /* MainProject.app */ = {isa = PBXFileReference; explicitFileType = wrapper.application; includeInIndex = 0; path = MainProject.app; sourceTree = BUILT_PRODUCTS_DIR; };
		843C773126D36AE600D99A69 /* AppDelegate.h */ = {isa = PBXFileReference; lastKnownFileType = sourcecode.c.h; path = AppDelegate.h; sourceTree = "<group>"; };
		843C773226D36AE600D99A69 /* AppDelegate.m */ = {isa = PBXFileReference; lastKnownFileType = sourcecode.c.objc; path = AppDelegate.m; sourceTree = "<group>"; };
		843C773426D36AE600D99A69 /* SceneDelegate.h */ = {isa = PBXFileReference; lastKnownFileType = sourcecode.c.h; path = SceneDelegate.h; sourceTree = "<group>"; };
		843C773526D36AE600D99A69 /* SceneDelegate.m */ = {isa = PBXFileReference; lastKnownFileType = sourcecode.c.objc; path = SceneDelegate.m; sourceTree = "<group>"; };
		843C773726D36AE600D99A69 /* ViewController.h */ = {isa = PBXFileReference; lastKnownFileType = sourcecode.c.h; path = ViewController.h; sourceTree = "<group>"; };
		843C773826D36AE600D99A69 /* ViewController.m */ = {isa = PBXFileReference; lastKnownFileType = sourcecode.c.objc; path = ViewController.m; sourceTree = "<group>"; };
		843C773B26D36AE600D99A69 /* Base */ = {isa = PBXFileReference; lastKnownFileType = file.storyboard; name = Base; path = Base.lproj/Main.storyboard; sourceTree = "<group>"; };
		843C773D26D36AE700D99A69 /* Assets.xcassets */ = {isa = PBXFileReference; lastKnownFileType = folder.assetcatalog; path = Assets.xcassets; sourceTree = "<group>"; };
		843C774026D36AE700D99A69 /* Base */ = {isa = PBXFileReference; lastKnownFileType = file.storyboard; name = Base; path = Base.lproj/LaunchScreen.storyboard; sourceTree = "<group>"; };
		843C774226D36AE700D99A69 /* Info.plist */ = {isa = PBXFileReference; lastKnownFileType = text.plist.xml; path = Info.plist; sourceTree = "<group>"; };
		843C774326D36AE700D99A69 /* main.m */ = {isa = PBXFileReference; lastKnownFileType = sourcecode.c.objc; path = main.m; sourceTree = "<group>"; };
		843C775A26D3724600D99A69 /* Support.app */ = {isa = PBXFileReference; explicitFileType = wrapper.application; includeInIndex = 0; path = Support.app; sourceTree = BUILT_PRODUCTS_DIR; };
		843C775B26D3724700D99A69 /* Support.plist */ = {isa = PBXFileReference; lastKnownFileType = text.plist.xml; name = Support.plist; path = /Users/admin/ComponentMainProject/MainProject/Support.plist; sourceTree = "<absolute>"; };
/* End PBXFileReference section */

/* Begin PBXFrameworksBuildPhase section */
		843C772B26D36AE600D99A69 /* Frameworks */ = {
			isa = PBXFrameworksBuildPhase;
			buildActionMask = 2147483647;
			files = (
			);
			runOnlyForDeploymentPostprocessing = 0;
		};
		843C775226D3724600D99A69 /* Frameworks */ = {
			isa = PBXFrameworksBuildPhase;
			buildActionMask = 2147483647;
			files = (
			);
			runOnlyForDeploymentPostprocessing = 0;
		};
/* End PBXFrameworksBuildPhase section */

/* Begin PBXGroup section */
		843C772526D36AE600D99A69 = {
			isa = PBXGroup;
			children = (
				843C773026D36AE600D99A69 /* MainProject */,
				843C772F26D36AE600D99A69 /* Products */,
				843C775B26D3724700D99A69 /* Support.plist */,
			);
			sourceTree = "<group>";
		};
		843C772F26D36AE600D99A69 /* Products */ = {
			isa = PBXGroup;
			children = (
				843C772E26D36AE600D99A69 /* MainProject.app */,
				843C775A26D3724600D99A69 /* Support.app */,
			);
			name = Products;
			sourceTree = "<group>";
		};
		843C773026D36AE600D99A69 /* MainProject */ = {
			isa = PBXGroup;
			children = (
				843C773126D36AE600D99A69 /* AppDelegate.h */,
				843C773226D36AE600D99A69 /* AppDelegate.m */,
				843C773426D36AE600D99A69 /* SceneDelegate.h */,
				843C773526D36AE600D99A69 /* SceneDelegate.m */,
				843C773726D36AE600D99A69 /* ViewController.h */,
				843C773826D36AE600D99A69 /* ViewController.m */,
				843C773A26D36AE600D99A69 /* Main.storyboard */,
				843C773D26D36AE700D99A69 /* Assets.xcassets */,
				843C773F26D36AE700D99A69 /* LaunchScreen.storyboard */,
				843C774226D36AE700D99A69 /* Info.plist */,
				843C774326D36AE700D99A69 /* main.m */,
			);
			path = MainProject;
			sourceTree = "<group>";
		};
/* End PBXGroup section */

/* Begin PBXNativeTarget section */
		843C772D26D36AE600D99A69 /* MainProject */ = {
			isa = PBXNativeTarget;
			buildConfigurationList = 843C774726D36AE700D99A69 /* Build configuration list for PBXNativeTarget "MainProject" */;
			buildPhases = (
				843C772A26D36AE600D99A69 /* Sources */,
				843C772B26D36AE600D99A69 /* Frameworks */,
				843C772C26D36AE600D99A69 /* Resources */,
			);
			buildRules = (
			);
			dependencies = (
			);
			name = MainProject;
			productName = MainProject;
			productReference = 843C772E26D36AE600D99A69 /* MainProject.app */;
			productType = "com.apple.product-type.application";
		};
		843C774C26D3724600D99A69 /* Support */ = {
			isa = PBXNativeTarget;
			buildConfigurationList = 843C775726D3724600D99A69 /* Build configuration list for PBXNativeTarget "Support" */;
			buildPhases = (
				843C774D26D3724600D99A69 /* Sources */,
				843C775226D3724600D99A69 /* Frameworks */,
				843C775326D3724600D99A69 /* Resources */,
			);
			buildRules = (
			);
			dependencies = (
			);
			name = Support;
			productName = MainProject;
			productReference = 843C775A26D3724600D99A69 /* Support.app */;
			productType = "com.apple.product-type.application";
		};
/* End PBXNativeTarget section */

/* Begin PBXProject section */
		843C772626D36AE600D99A69 /* Project object */ = {
			isa = PBXProject;
			attributes = {
				LastUpgradeCheck = 1240;
				TargetAttributes = {
					843C772D26D36AE600D99A69 = {
						CreatedOnToolsVersion = 12.4;
					};
				};
			};
			buildConfigurationList = 843C772926D36AE600D99A69 /* Build configuration list for PBXProject "MainProject" */;
			compatibilityVersion = "Xcode 9.3";
			developmentRegion = en;
			hasScannedForEncodings = 0;
			knownRegions = (
				en,
				Base,
			);
			mainGroup = 843C772526D36AE600D99A69;
			productRefGroup = 843C772F26D36AE600D99A69 /* Products */;
			projectDirPath = "";
			projectRoot = "";
			targets = (
				843C772D26D36AE600D99A69 /* MainProject */,
				843C774C26D3724600D99A69 /* Support */,
			);
		};
/* End PBXProject section */

/* Begin PBXResourcesBuildPhase section */
		843C772C26D36AE600D99A69 /* Resources */ = {
			isa = PBXResourcesBuildPhase;
			buildActionMask = 2147483647;
			files = (
				843C774126D36AE700D99A69 /* LaunchScreen.storyboard in Resources */,
				843C773E26D36AE700D99A69 /* Assets.xcassets in Resources */,
				843C773C26D36AE600D99A69 /* Main.storyboard in Resources */,
			);
			runOnlyForDeploymentPostprocessing = 0;
		};
		843C775326D3724600D99A69 /* Resources */ = {
			isa = PBXResourcesBuildPhase;
			buildActionMask = 2147483647;
			files = (
				843C775426D3724600D99A69 /* LaunchScreen.storyboard in Resources */,
				843C775526D3724600D99A69 /* Assets.xcassets in Resources */,
				843C775626D3724600D99A69 /* Main.storyboard in Resources */,
			);
			runOnlyForDeploymentPostprocessing = 0;
		};
/* End PBXResourcesBuildPhase section */

/* Begin PBXSourcesBuildPhase section */
		843C772A26D36AE600D99A69 /* Sources */ = {
			isa = PBXSourcesBuildPhase;
			buildActionMask = 2147483647;
			files = (
				843C773926D36AE600D99A69 /* ViewController.m in Sources */,
				843C773326D36AE600D99A69 /* AppDelegate.m in Sources */,
				843C774426D36AE700D99A69 /* main.m in Sources */,
				843C773626D36AE600D99A69 /* SceneDelegate.m in Sources */,
			);
			runOnlyForDeploymentPostprocessing = 0;
		};
		843C774D26D3724600D99A69 /* Sources */ = {
			isa = PBXSourcesBuildPhase;
			buildActionMask = 2147483647;
			files = (
				843C774E26D3724600D99A69 /* ViewController.m in Sources */,
				843C774F26D3724600D99A69 /* AppDelegate.m in Sources */,
				843C775026D3724600D99A69 /* main.m in Sources */,
				843C775126D3724600D99A69 /* SceneDelegate.m in Sources */,
			);
			runOnlyForDeploymentPostprocessing = 0;
		};
/* End PBXSourcesBuildPhase section */

/* Begin PBXVariantGroup section */
		843C773A26D36AE600D99A69 /* Main.storyboard */ = {
			isa = PBXVariantGroup;
			children = (
				843C773B26D36AE600D99A69 /* Base */,
			);
			name = Main.storyboard;
			sourceTree = "<group>";
		};
		843C773F26D36AE700D99A69 /* LaunchScreen.storyboard */ = {
			isa = PBXVariantGroup;
			children = (
				843C774026D36AE700D99A69 /* Base */,
			);
			name = LaunchScreen.storyboard;
			sourceTree = "<group>";
		};
/* End PBXVariantGroup section */

/* Begin XCBuildConfiguration section */
		843C774526D36AE700D99A69 /* Debug */ = {
			isa = XCBuildConfiguration;
			buildSettings = {
				ALWAYS_SEARCH_USER_PATHS = NO;
				CLANG_ANALYZER_NONNULL = YES;
				CLANG_ANALYZER_NUMBER_OBJECT_CONVERSION = YES_AGGRESSIVE;
				CLANG_CXX_LANGUAGE_STANDARD = "gnu++14";
				CLANG_CXX_LIBRARY = "libc++";
				CLANG_ENABLE_MODULES = YES;
				CLANG_ENABLE_OBJC_ARC = YES;
				CLANG_ENABLE_OBJC_WEAK = YES;
				CLANG_WARN_BLOCK_CAPTURE_AUTORELEASING = YES;
				CLANG_WARN_BOOL_CONVERSION = YES;
				CLANG_WARN_COMMA = YES;
				CLANG_WARN_CONSTANT_CONVERSION = YES;
				CLANG_WARN_DEPRECATED_OBJC_IMPLEMENTATIONS = YES;
				CLANG_WARN_DIRECT_OBJC_ISA_USAGE = YES_ERROR;
				CLANG_WARN_DOCUMENTATION_COMMENTS = YES;
				CLANG_WARN_EMPTY_BODY = YES;
				CLANG_WARN_ENUM_CONVERSION = YES;
				CLANG_WARN_INFINITE_RECURSION = YES;
				CLANG_WARN_INT_CONVERSION = YES;
				CLANG_WARN_NON_LITERAL_NULL_CONVERSION = YES;
				CLANG_WARN_OBJC_IMPLICIT_RETAIN_SELF = YES;
				CLANG_WARN_OBJC_LITERAL_CONVERSION = YES;
				CLANG_WARN_OBJC_ROOT_CLASS = YES_ERROR;
				CLANG_WARN_QUOTED_INCLUDE_IN_FRAMEWORK_HEADER = YES;
				CLANG_WARN_RANGE_LOOP_ANALYSIS = YES;
				CLANG_WARN_STRICT_PROTOTYPES = YES;
				CLANG_WARN_SUSPICIOUS_MOVE = YES;
				CLANG_WARN_UNGUARDED_AVAILABILITY = YES_AGGRESSIVE;
				CLANG_WARN_UNREACHABLE_CODE = YES;
				CLANG_WARN__DUPLICATE_METHOD_MATCH = YES;
				COPY_PHASE_STRIP = NO;
				DEBUG_INFORMATION_FORMAT = dwarf;
				ENABLE_STRICT_OBJC_MSGSEND = YES;
				ENABLE_TESTABILITY = YES;
				GCC_C_LANGUAGE_STANDARD = gnu11;
				GCC_DYNAMIC_NO_PIC = NO;
				GCC_NO_COMMON_BLOCKS = YES;
				GCC_OPTIMIZATION_LEVEL = 0;
				GCC_PREPROCESSOR_DEFINITIONS = (
					"DEBUG=1",
					"$(inherited)",
				);
				GCC_WARN_64_TO_32_BIT_CONVERSION = YES;
				GCC_WARN_ABOUT_RETURN_TYPE = YES_ERROR;
				GCC_WARN_UNDECLARED_SELECTOR = YES;
				GCC_WARN_UNINITIALIZED_AUTOS = YES_AGGRESSIVE;
				GCC_WARN_UNUSED_FUNCTION = YES;
				GCC_WARN_UNUSED_VARIABLE = YES;
				IPHONEOS_DEPLOYMENT_TARGET = 14.4;
				MTL_ENABLE_DEBUG_INFO = INCLUDE_SOURCE;
				MTL_FAST_MATH = YES;
				ONLY_ACTIVE_ARCH = YES;
				SDKROOT = iphoneos;
			};
			name = Debug;
		};
		843C774626D36AE700D99A69 /* Release */ = {
			isa = XCBuildConfiguration;
			buildSettings = {
				ALWAYS_SEARCH_USER_PATHS = NO;
				CLANG_ANALYZER_NONNULL = YES;
				CLANG_ANALYZER_NUMBER_OBJECT_CONVERSION = YES_AGGRESSIVE;
				CLANG_CXX_LANGUAGE_STANDARD = "gnu++14";
				CLANG_CXX_LIBRARY = "libc++";
				CLANG_ENABLE_MODULES = YES;
				CLANG_ENABLE_OBJC_ARC = YES;
				CLANG_ENABLE_OBJC_WEAK = YES;
				CLANG_WARN_BLOCK_CAPTURE_AUTORELEASING = YES;
				CLANG_WARN_BOOL_CONVERSION = YES;
				CLANG_WARN_COMMA = YES;
				CLANG_WARN_CONSTANT_CONVERSION = YES;
				CLANG_WARN_DEPRECATED_OBJC_IMPLEMENTATIONS = YES;
				CLANG_WARN_DIRECT_OBJC_ISA_USAGE = YES_ERROR;
				CLANG_WARN_DOCUMENTATION_COMMENTS = YES;
				CLANG_WARN_EMPTY_BODY = YES;
				CLANG_WARN_ENUM_CONVERSION = YES;
				CLANG_WARN_INFINITE_RECURSION = YES;
				CLANG_WARN_INT_CONVERSION = YES;
				CLANG_WARN_NON_LITERAL_NULL_CONVERSION = YES;
				CLANG_WARN_OBJC_IMPLICIT_RETAIN_SELF = YES;
				CLANG_WARN_OBJC_LITERAL_CONVERSION = YES;
				CLANG_WARN_OBJC_ROOT_CLASS = YES_ERROR;
				CLANG_WARN_QUOTED_INCLUDE_IN_FRAMEWORK_HEADER = YES;
				CLANG_WARN_RANGE_LOOP_ANALYSIS = YES;
				CLANG_WARN_STRICT_PROTOTYPES = YES;
				CLANG_WARN_SUSPICIOUS_MOVE = YES;
				CLANG_WARN_UNGUARDED_AVAILABILITY = YES_AGGRESSIVE;
				CLANG_WARN_UNREACHABLE_CODE = YES;
				CLANG_WARN__DUPLICATE_METHOD_MATCH = YES;
				COPY_PHASE_STRIP = NO;
				DEBUG_INFORMATION_FORMAT = "dwarf-with-dsym";
				ENABLE_NS_ASSERTIONS = NO;
				ENABLE_STRICT_OBJC_MSGSEND = YES;
				GCC_C_LANGUAGE_STANDARD = gnu11;
				GCC_NO_COMMON_BLOCKS = YES;
				GCC_WARN_64_TO_32_BIT_CONVERSION = YES;
				GCC_WARN_ABOUT_RETURN_TYPE = YES_ERROR;
				GCC_WARN_UNDECLARED_SELECTOR = YES;
				GCC_WARN_UNINITIALIZED_AUTOS = YES_AGGRESSIVE;
				GCC_WARN_UNUSED_FUNCTION = YES;
				GCC_WARN_UNUSED_VARIABLE = YES;
				IPHONEOS_DEPLOYMENT_TARGET = 14.4;
				MTL_ENABLE_DEBUG_INFO = NO;
				MTL_FAST_MATH = YES;
				SDKROOT = iphoneos;
				VALIDATE_PRODUCT = YES;
			};
			name = Release;
		};
		843C774826D36AE700D99A69 /* Debug */ = {
			isa = XCBuildConfiguration;
			buildSettings = {
				ASSETCATALOG_COMPILER_APPICON_NAME = AppIcon;
				ASSETCATALOG_COMPILER_GLOBAL_ACCENT_COLOR_NAME = AccentColor;
				CODE_SIGN_STYLE = Automatic;
				INFOPLIST_FILE = MainProject/Info.plist;
				LD_RUNPATH_SEARCH_PATHS = (
					"$(inherited)",
					"@executable_path/Frameworks",
				);
				PRODUCT_BUNDLE_IDENTIFIER = Lib.MainProject;
				PRODUCT_NAME = "$(TARGET_NAME)";
				TARGETED_DEVICE_FAMILY = "1,2";
			};
			name = Debug;
		};
		843C774926D36AE700D99A69 /* Release */ = {
			isa = XCBuildConfiguration;
			buildSettings = {
				ASSETCATALOG_COMPILER_APPICON_NAME = AppIcon;
				ASSETCATALOG_COMPILER_GLOBAL_ACCENT_COLOR_NAME = AccentColor;
				CODE_SIGN_STYLE = Automatic;
				INFOPLIST_FILE = MainProject/Info.plist;
				LD_RUNPATH_SEARCH_PATHS = (
					"$(inherited)",
					"@executable_path/Frameworks",
				);
				PRODUCT_BUNDLE_IDENTIFIER = Lib.MainProject;
				PRODUCT_NAME = "$(TARGET_NAME)";
				TARGETED_DEVICE_FAMILY = "1,2";
			};
			name = Release;
		};
		843C775826D3724600D99A69 /* Debug */ = {
			isa = XCBuildConfiguration;
			buildSettings = {
				ASSETCATALOG_COMPILER_APPICON_NAME = AppIcon;
				ASSETCATALOG_COMPILER_GLOBAL_ACCENT_COLOR_NAME = AccentColor;
				CODE_SIGN_STYLE = Automatic;
				INFOPLIST_FILE = Support.plist;
				LD_RUNPATH_SEARCH_PATHS = (
					"$(inherited)",
					"@executable_path/Frameworks",
				);
				PRODUCT_BUNDLE_IDENTIFIER = Lib.MainProject;
				PRODUCT_NAME = "$(TARGET_NAME)";
				TARGETED_DEVICE_FAMILY = "1,2";
			};
			name = Debug;
		};
		843C775926D3724600D99A69 /* Release */ = {
			isa = XCBuildConfiguration;
			buildSettings = {
				ASSETCATALOG_COMPILER_APPICON_NAME = AppIcon;
				ASSETCATALOG_COMPILER_GLOBAL_ACCENT_COLOR_NAME = AccentColor;
				CODE_SIGN_STYLE = Automatic;
				INFOPLIST_FILE = Support.plist;
				LD_RUNPATH_SEARCH_PATHS = (
					"$(inherited)",
					"@executable_path/Frameworks",
				);
				PRODUCT_BUNDLE_IDENTIFIER = Lib.MainProject;
				PRODUCT_NAME = "$(TARGET_NAME)";
				TARGETED_DEVICE_FAMILY = "1,2";
			};
			name = Release;
		};
/* End XCBuildConfiguration section */

/* Begin XCConfigurationList section */
		843C772926D36AE600D99A69 /* Build configuration list for PBXProject "MainProject" */ = {
			isa = XCConfigurationList;
			buildConfigurations = (
				843C774526D36AE700D99A69 /* Debug */,
				843C774626D36AE700D99A69 /* Release */,
			);
			defaultConfigurationIsVisible = 0;
			defaultConfigurationName = Release;
		};
		843C774726D36AE700D99A69 /* Build configuration list for PBXNativeTarget "MainProject" */ = {
			isa = XCConfigurationList;
			buildConfigurations = (
				843C774826D36AE700D99A69 /* Debug */,
				843C774926D36AE700D99A69 /* Release */,
			);
			defaultConfigurationIsVisible = 0;
			defaultConfigurationName = Release;
		};
		843C775726D3724600D99A69 /* Build configuration list for PBXNativeTarget "Support" */ = {
			isa = XCConfigurationList;
			buildConfigurations = (
				843C775826D3724600D99A69 /* Debug */,
				843C775926D3724600D99A69 /* Release */,
			);
			defaultConfigurationIsVisible = 0;
			defaultConfigurationName = Release;
		};
/* End XCConfigurationList section */
	};
	rootObject = 843C772626D36AE600D99A69 /* Project object */;
}
